
Microsoft Visual Studio Solution File, Format Version 12.00
# Visual Studio Version 17
VisualStudioVersion = 17.7.34031.279
MinimumVisualStudioVersion = 10.0.40219.1
Project("{FAE04EC0-301F-11D3-BF4B-00C04F79EFBC}") = "GesTienda", "GesTienda\GesTienda.csproj", "{1A9CF28A-9B3F-4826-BB85-6E8CA41369CC}"
EndProject
Global
	GlobalSection(SolutionConfigurationPlatforms) = preSolution
		Debug|Any CPU = Debug|Any CPU
		Release|Any CPU = Release|Any CPU
	EndGlobalSection
	GlobalSection(ProjectConfigurationPlatforms) = postSolution
		{1A9CF28A-9B3F-4826-BB85-6E8CA41369CC}.Debug|Any CPU.ActiveCfg = Debug|Any CPU
		{1A9CF28A-9B3F-4826-BB85-6E8CA41369CC}.Debug|Any CPU.Build.0 = Debug|Any CPU
		{1A9CF28A-9B3F-4826-BB85-6E8CA41369CC}.Release|Any CPU.ActiveCfg = Release|Any CPU
		{1A9CF28A-9B3F-4826-BB85-6E8CA41369CC}.Release|Any CPU.Build.0 = Release|Any CPU
	EndGlobalSection
	GlobalSection(SolutionProperties) = preSolution
		HideSolutionNode = FALSE
	EndGlobalSection
	GlobalSection(ExtensibilityGlobals) = postSolution
		SolutionGuid = {C8A69EEF-6F74-4545-9B02-CA3190651266}
	EndGlobalSection
EndGlobal
